proj_file_hash = "cc92dd6f19a9c36e3071deacaa9335d7"

[[dependencies]]
name = "term"
version = "0.2.0"
path = ".fixlang/deps/term_0.2.0"

[dependencies.git]
repo = "https://github.com/sakujiro-inagaki/term-fix.git"
rev = "f47a8ab07a475f25072822ddfd9d581dc9bcbecc"

[[dependencies]]
name = "tui"
version = "0.2.0"
path = ".fixlang/deps/tui_0.2.0"

[dependencies.git]
repo = "https://github.com/sakujiro-inagaki/tui-fix.git"
rev = "7f76ea43594e52f153bf433384786c9875895c35"
